PODS:
  - GTMBase64 (1.0.1)
  - OpenSSL-Universal (1.0.2.13)

DEPENDENCIES:
  - GTMBase64 (~> 1.0.0)
  - OpenSSL-Universal (~> 1.0)

SPEC CHECKSUMS:
  GTMBase64: f0f91be06a7a20b84c8e4fee30c0430395091d82
  OpenSSL-Universal: 401888162f11c33ebbd46f782d9229da35c61327

PODFILE CHECKSUM: d751d267db9155a714f2fd80d3c1554444cbf041

COCOAPODS: 1.4.0
